
Microsoft Visual Studio Solution File, Format Version 12.00
# Visual Studio Version 17
VisualStudioVersion = 17.2.32630.192
MinimumVisualStudioVersion = 10.0.40219.1
Project("{FAE04EC0-301F-11D3-BF4B-00C04F79EFBC}") = "HUDV1.0", "HUDV1.0.csproj", "{DBE47062-DF31-4564-A8BB-E859D1607742}"
EndProject
Global
	GlobalSection(SolutionConfigurationPlatforms) = preSolution
		Debug|Any CPU = Debug|Any CPU
		Release|Any CPU = Release|Any CPU
	EndGlobalSection
	GlobalSection(ProjectConfigurationPlatforms) = postSolution
		{DBE47062-DF31-4564-A8BB-E859D1607742}.Debug|Any CPU.ActiveCfg = Debug|Any CPU
		{DBE47062-DF31-4564-A8BB-E859D1607742}.Debug|Any CPU.Build.0 = Debug|Any CPU
		{DBE47062-DF31-4564-A8BB-E859D1607742}.Release|Any CPU.ActiveCfg = Release|Any CPU
		{DBE47062-DF31-4564-A8BB-E859D1607742}.Release|Any CPU.Build.0 = Release|Any CPU
	EndGlobalSection
	GlobalSection(SolutionProperties) = preSolution
		HideSolutionNode = FALSE
	EndGlobalSection
	GlobalSection(ExtensibilityGlobals) = postSolution
		SolutionGuid = {7DE31353-7631-4E48-8BE7-0FA76D22C8FA}
	EndGlobalSection
EndGlobal
